PODS:
  - SZTools (1.0.3):
    - SZTools/CustomUI (= 1.0.3)
    - SZTools/Extensions (= 1.0.3)
    - SZTools/FileManager (= 1.0.3)
    - SZTools/Manager (= 1.0.3)
  - SZTools/CustomUI (1.0.3)
  - SZTools/Extensions (1.0.3)
  - SZTools/FileManager (1.0.3)
  - SZTools/Manager (1.0.3)

DEPENDENCIES:
  - SZTools (from `../`)

EXTERNAL SOURCES:
  SZTools:
    :path: "../"

SPEC CHECKSUMS:
  SZTools: adb01847e19fac8cf97f9126644b2987973b8e30

PODFILE CHECKSUM: 31c6f65bfb98788e686a3333a09e7e4d3f6cb36d

COCOAPODS: 1.5.3
