// !$*UTF8*$!
{
	archiveVersion = 1;
	classes = {
	};
	objectVersion = 46;
	objects = {

/* Begin PBXBuildFile section */
		5DC573E4D28B8539BA5E38F8 /* Pods_SZTools_Example.framework in Frameworks */ = {isa = PBXBuildFile; fileRef = 1E5D3E4F8E6032B35334595A /* Pods_SZTools_Example.framework */; };
		607FACD61AFB9204008FA782 /* AppDelegate.swift in Sources */ = {isa = PBXBuildFile; fileRef = 607FACD51AFB9204008FA782 /* AppDelegate.swift */; };
		607FACD81AFB9204008FA782 /* ViewController.swift in Sources */ = {isa = PBXBuildFile; fileRef = 607FACD71AFB9204008FA782 /* ViewController.swift */; };
		607FACDB1AFB9204008FA782 /* Main.storyboard in Resources */ = {isa = PBXBuildFile; fileRef = 607FACD91AFB9204008FA782 /* Main.storyboard */; };
		607FACDD1AFB9204008FA782 /* Images.xcassets in Resources */ = {isa = PBXBuildFile; fileRef = 607FACDC1AFB9204008FA782 /* Images.xcassets */; };
		607FACE01AFB9204008FA782 /* LaunchScreen.xib in Resources */ = {isa = PBXBuildFile; fileRef = 607FACDE1AFB9204008FA782 /* LaunchScreen.xib */; };
		BE79FDF522ED32B50065E5C4 /* itunes.pdf in Resources */ = {isa = PBXBuildFile; fileRef = BE79FDF422ED32B50065E5C4 /* itunes.pdf */; };
		BE79FE1622ED338C0065E5C4 /* ZStepSlider.swift in Sources */ = {isa = PBXBuildFile; fileRef = BE79FDF922ED338C0065E5C4 /* ZStepSlider.swift */; };
		BE79FE1822ED338C0065E5C4 /* DispathcQueue+Delay.swift in Sources */ = {isa = PBXBuildFile; fileRef = BE79FDFC22ED338C0065E5C4 /* DispathcQueue+Delay.swift */; };
		BE79FE1922ED338C0065E5C4 /* UILabel+Ext.swift in Sources */ = {isa = PBXBuildFile; fileRef = BE79FDFD22ED338C0065E5C4 /* UILabel+Ext.swift */; };
		BE79FE1A22ED338C0065E5C4 /* UICollectionView+Ext.swift in Sources */ = {isa = PBXBuildFile; fileRef = BE79FDFE22ED338C0065E5C4 /* UICollectionView+Ext.swift */; };
		BE79FE1B22ED338C0065E5C4 /* Font+Ext.swift in Sources */ = {isa = PBXBuildFile; fileRef = BE79FDFF22ED338C0065E5C4 /* Font+Ext.swift */; };
		BE79FE1C22ED338C0065E5C4 /* UITableView+Ext.swift in Sources */ = {isa = PBXBuildFile; fileRef = BE79FE0022ED338C0065E5C4 /* UITableView+Ext.swift */; };
		BE79FE1D22ED338C0065E5C4 /* UIView+Frame.swift in Sources */ = {isa = PBXBuildFile; fileRef = BE79FE0122ED338C0065E5C4 /* UIView+Frame.swift */; };
		BE79FE1E22ED338C0065E5C4 /* Device+Ext.swift in Sources */ = {isa = PBXBuildFile; fileRef = BE79FE0222ED338C0065E5C4 /* Device+Ext.swift */; };
		BE79FE1F22ED338C0065E5C4 /* UIButton+Ext.swift in Sources */ = {isa = PBXBuildFile; fileRef = BE79FE0322ED338C0065E5C4 /* UIButton+Ext.swift */; };
		BE79FE2022ED338C0065E5C4 /* String+Ext.swift in Sources */ = {isa = PBXBuildFile; fileRef = BE79FE0422ED338C0065E5C4 /* String+Ext.swift */; };
		BE79FE2122ED338C0065E5C4 /* UIColor+Ext.swift in Sources */ = {isa = PBXBuildFile; fileRef = BE79FE0522ED338C0065E5C4 /* UIColor+Ext.swift */; };
		BE79FE2222ED338C0065E5C4 /* UIView+Layout.swift in Sources */ = {isa = PBXBuildFile; fileRef = BE79FE0622ED338C0065E5C4 /* UIView+Layout.swift */; };
		BE79FE2322ED338C0065E5C4 /* Date+Formatted.swift in Sources */ = {isa = PBXBuildFile; fileRef = BE79FE0722ED338C0065E5C4 /* Date+Formatted.swift */; };
		BE79FE2422ED338C0065E5C4 /* UIViewController+SZExt.swift in Sources */ = {isa = PBXBuildFile; fileRef = BE79FE0822ED338C0065E5C4 /* UIViewController+SZExt.swift */; };
		BE79FE2522ED338C0065E5C4 /* UIView+Nib.swift in Sources */ = {isa = PBXBuildFile; fileRef = BE79FE0922ED338C0065E5C4 /* UIView+Nib.swift */; };
		BE79FE2622ED338C0065E5C4 /* NotificationCenter+Ext.swift in Sources */ = {isa = PBXBuildFile; fileRef = BE79FE0A22ED338C0065E5C4 /* NotificationCenter+Ext.swift */; };
		BE79FE2722ED338C0065E5C4 /* NSObject+Ext.swift in Sources */ = {isa = PBXBuildFile; fileRef = BE79FE0B22ED338C0065E5C4 /* NSObject+Ext.swift */; };
		BE79FE2822ED338C0065E5C4 /* CGRect+Ext.swift in Sources */ = {isa = PBXBuildFile; fileRef = BE79FE0C22ED338C0065E5C4 /* CGRect+Ext.swift */; };
		BE79FE2922ED338C0065E5C4 /* ZSConstants.swift in Sources */ = {isa = PBXBuildFile; fileRef = BE79FE0E22ED338C0065E5C4 /* ZSConstants.swift */; };
		BE79FE2A22ED338C0065E5C4 /* ZSFileSearcher.swift in Sources */ = {isa = PBXBuildFile; fileRef = BE79FE1022ED338C0065E5C4 /* ZSFileSearcher.swift */; };
		BE79FE2B22ED338C0065E5C4 /* ZSFile.swift in Sources */ = {isa = PBXBuildFile; fileRef = BE79FE1122ED338C0065E5C4 /* ZSFile.swift */; };
		BE79FE2C22ED338C0065E5C4 /* ZSFilePaths.swift in Sources */ = {isa = PBXBuildFile; fileRef = BE79FE1222ED338C0065E5C4 /* ZSFilePaths.swift */; };
		BE79FE2D22ED338C0065E5C4 /* ZSFileManager.swift in Sources */ = {isa = PBXBuildFile; fileRef = BE79FE1322ED338C0065E5C4 /* ZSFileManager.swift */; };
		BE79FE2E22ED338C0065E5C4 /* .gitkeep in Resources */ = {isa = PBXBuildFile; fileRef = BE79FE1522ED338C0065E5C4 /* .gitkeep */; };
		BE7F8A9F22F95EFC00672C4F /* UITableViewCell+Ext.swift in Sources */ = {isa = PBXBuildFile; fileRef = BE7F8A9E22F95EFC00672C4F /* UITableViewCell+Ext.swift */; };
		BE7F8AA122F95F4800672C4F /* UICollectionViewCell+Ext.swift in Sources */ = {isa = PBXBuildFile; fileRef = BE7F8AA022F95F4800672C4F /* UICollectionViewCell+Ext.swift */; };
		BE7F8AA322F9607C00672C4F /* ZSOnePixleLine.swift in Sources */ = {isa = PBXBuildFile; fileRef = BE7F8AA222F9607C00672C4F /* ZSOnePixleLine.swift */; };
/* End PBXBuildFile section */

/* Begin PBXFileReference section */
		039D35FB88A09F566C158E83 /* LICENSE */ = {isa = PBXFileReference; includeInIndex = 1; lastKnownFileType = text; name = LICENSE; path = ../LICENSE; sourceTree = "<group>"; };
		0C3D734A02CF6E56FEF2FE31 /* Pods-SZTools_Example.release.xcconfig */ = {isa = PBXFileReference; includeInIndex = 1; lastKnownFileType = text.xcconfig; name = "Pods-SZTools_Example.release.xcconfig"; path = "Pods/Target Support Files/Pods-SZTools_Example/Pods-SZTools_Example.release.xcconfig"; sourceTree = "<group>"; };
		0D62C99FB505CF811D30A566 /* Pods-SZTools_Tests.release.xcconfig */ = {isa = PBXFileReference; includeInIndex = 1; lastKnownFileType = text.xcconfig; name = "Pods-SZTools_Tests.release.xcconfig"; path = "Pods/Target Support Files/Pods-SZTools_Tests/Pods-SZTools_Tests.release.xcconfig"; sourceTree = "<group>"; };
		1E5D3E4F8E6032B35334595A /* Pods_SZTools_Example.framework */ = {isa = PBXFileReference; explicitFileType = wrapper.framework; includeInIndex = 0; path = Pods_SZTools_Example.framework; sourceTree = BUILT_PRODUCTS_DIR; };
		48D0147F8D6F9CE71A697014 /* README.md */ = {isa = PBXFileReference; includeInIndex = 1; lastKnownFileType = net.daringfireball.markdown; name = README.md; path = ../README.md; sourceTree = "<group>"; };
		607FACD01AFB9204008FA782 /* SZTools_Example.app */ = {isa = PBXFileReference; explicitFileType = wrapper.application; includeInIndex = 0; path = SZTools_Example.app; sourceTree = BUILT_PRODUCTS_DIR; };
		607FACD41AFB9204008FA782 /* Info.plist */ = {isa = PBXFileReference; lastKnownFileType = text.plist.xml; path = Info.plist; sourceTree = "<group>"; };
		607FACD51AFB9204008FA782 /* AppDelegate.swift */ = {isa = PBXFileReference; lastKnownFileType = sourcecode.swift; path = AppDelegate.swift; sourceTree = "<group>"; };
		607FACD71AFB9204008FA782 /* ViewController.swift */ = {isa = PBXFileReference; lastKnownFileType = sourcecode.swift; path = ViewController.swift; sourceTree = "<group>"; };
		607FACDA1AFB9204008FA782 /* Base */ = {isa = PBXFileReference; lastKnownFileType = file.storyboard; name = Base; path = Base.lproj/Main.storyboard; sourceTree = "<group>"; };
		607FACDC1AFB9204008FA782 /* Images.xcassets */ = {isa = PBXFileReference; lastKnownFileType = folder.assetcatalog; path = Images.xcassets; sourceTree = "<group>"; };
		607FACDF1AFB9204008FA782 /* Base */ = {isa = PBXFileReference; lastKnownFileType = file.xib; name = Base; path = Base.lproj/LaunchScreen.xib; sourceTree = "<group>"; };
		9B9900A90B7C6D2982CDB8D5 /* Pods-SZTools_Tests.debug.xcconfig */ = {isa = PBXFileReference; includeInIndex = 1; lastKnownFileType = text.xcconfig; name = "Pods-SZTools_Tests.debug.xcconfig"; path = "Pods/Target Support Files/Pods-SZTools_Tests/Pods-SZTools_Tests.debug.xcconfig"; sourceTree = "<group>"; };
		B53E0434EE4D1D075928CBDA /* SZTools.podspec */ = {isa = PBXFileReference; includeInIndex = 1; lastKnownFileType = text; name = SZTools.podspec; path = ../SZTools.podspec; sourceTree = "<group>"; xcLanguageSpecificationIdentifier = xcode.lang.ruby; };
		BE79FDF422ED32B50065E5C4 /* itunes.pdf */ = {isa = PBXFileReference; fileEncoding = 4; lastKnownFileType = image.pdf; path = itunes.pdf; sourceTree = "<group>"; };
		BE79FDF922ED338C0065E5C4 /* ZStepSlider.swift */ = {isa = PBXFileReference; fileEncoding = 4; lastKnownFileType = sourcecode.swift; path = ZStepSlider.swift; sourceTree = "<group>"; };
		BE79FDFC22ED338C0065E5C4 /* DispathcQueue+Delay.swift */ = {isa = PBXFileReference; fileEncoding = 4; lastKnownFileType = sourcecode.swift; path = "DispathcQueue+Delay.swift"; sourceTree = "<group>"; };
		BE79FDFD22ED338C0065E5C4 /* UILabel+Ext.swift */ = {isa = PBXFileReference; fileEncoding = 4; lastKnownFileType = sourcecode.swift; path = "UILabel+Ext.swift"; sourceTree = "<group>"; };
		BE79FDFE22ED338C0065E5C4 /* UICollectionView+Ext.swift */ = {isa = PBXFileReference; fileEncoding = 4; lastKnownFileType = sourcecode.swift; path = "UICollectionView+Ext.swift"; sourceTree = "<group>"; };
		BE79FDFF22ED338C0065E5C4 /* Font+Ext.swift */ = {isa = PBXFileReference; fileEncoding = 4; lastKnownFileType = sourcecode.swift; path = "Font+Ext.swift"; sourceTree = "<group>"; };
		BE79FE0022ED338C0065E5C4 /* UITableView+Ext.swift */ = {isa = PBXFileReference; fileEncoding = 4; lastKnownFileType = sourcecode.swift; path = "UITableView+Ext.swift"; sourceTree = "<group>"; };
		BE79FE0122ED338C0065E5C4 /* UIView+Frame.swift */ = {isa = PBXFileReference; fileEncoding = 4; lastKnownFileType = sourcecode.swift; path = "UIView+Frame.swift"; sourceTree = "<group>"; };
		BE79FE0222ED338C0065E5C4 /* Device+Ext.swift */ = {isa = PBXFileReference; fileEncoding = 4; lastKnownFileType = sourcecode.swift; path = "Device+Ext.swift"; sourceTree = "<group>"; };
		BE79FE0322ED338C0065E5C4 /* UIButton+Ext.swift */ = {isa = PBXFileReference; fileEncoding = 4; lastKnownFileType = sourcecode.swift; path = "UIButton+Ext.swift"; sourceTree = "<group>"; };
		BE79FE0422ED338C0065E5C4 /* String+Ext.swift */ = {isa = PBXFileReference; fileEncoding = 4; lastKnownFileType = sourcecode.swift; path = "String+Ext.swift"; sourceTree = "<group>"; };
		BE79FE0522ED338C0065E5C4 /* UIColor+Ext.swift */ = {isa = PBXFileReference; fileEncoding = 4; lastKnownFileType = sourcecode.swift; path = "UIColor+Ext.swift"; sourceTree = "<group>"; };
		BE79FE0622ED338C0065E5C4 /* UIView+Layout.swift */ = {isa = PBXFileReference; fileEncoding = 4; lastKnownFileType = sourcecode.swift; path = "UIView+Layout.swift"; sourceTree = "<group>"; };
		BE79FE0722ED338C0065E5C4 /* Date+Formatted.swift */ = {isa = PBXFileReference; fileEncoding = 4; lastKnownFileType = sourcecode.swift; path = "Date+Formatted.swift"; sourceTree = "<group>"; };
		BE79FE0822ED338C0065E5C4 /* UIViewController+SZExt.swift */ = {isa = PBXFileReference; fileEncoding = 4; lastKnownFileType = sourcecode.swift; path = "UIViewController+SZExt.swift"; sourceTree = "<group>"; };
		BE79FE0922ED338C0065E5C4 /* UIView+Nib.swift */ = {isa = PBXFileReference; fileEncoding = 4; lastKnownFileType = sourcecode.swift; path = "UIView+Nib.swift"; sourceTree = "<group>"; };
		BE79FE0A22ED338C0065E5C4 /* NotificationCenter+Ext.swift */ = {isa = PBXFileReference; fileEncoding = 4; lastKnownFileType = sourcecode.swift; path = "NotificationCenter+Ext.swift"; sourceTree = "<group>"; };
		BE79FE0B22ED338C0065E5C4 /* NSObject+Ext.swift */ = {isa = PBXFileReference; fileEncoding = 4; lastKnownFileType = sourcecode.swift; path = "NSObject+Ext.swift"; sourceTree = "<group>"; };
		BE79FE0C22ED338C0065E5C4 /* CGRect+Ext.swift */ = {isa = PBXFileReference; fileEncoding = 4; lastKnownFileType = sourcecode.swift; path = "CGRect+Ext.swift"; sourceTree = "<group>"; };
		BE79FE0E22ED338C0065E5C4 /* ZSConstants.swift */ = {isa = PBXFileReference; fileEncoding = 4; lastKnownFileType = sourcecode.swift; path = ZSConstants.swift; sourceTree = "<group>"; };
		BE79FE1022ED338C0065E5C4 /* ZSFileSearcher.swift */ = {isa = PBXFileReference; fileEncoding = 4; lastKnownFileType = sourcecode.swift; path = ZSFileSearcher.swift; sourceTree = "<group>"; };
		BE79FE1122ED338C0065E5C4 /* ZSFile.swift */ = {isa = PBXFileReference; fileEncoding = 4; lastKnownFileType = sourcecode.swift; path = ZSFile.swift; sourceTree = "<group>"; };
		BE79FE1222ED338C0065E5C4 /* ZSFilePaths.swift */ = {isa = PBXFileReference; fileEncoding = 4; lastKnownFileType = sourcecode.swift; path = ZSFilePaths.swift; sourceTree = "<group>"; };
		BE79FE1322ED338C0065E5C4 /* ZSFileManager.swift */ = {isa = PBXFileReference; fileEncoding = 4; lastKnownFileType = sourcecode.swift; path = ZSFileManager.swift; sourceTree = "<group>"; };
		BE79FE1522ED338C0065E5C4 /* .gitkeep */ = {isa = PBXFileReference; fileEncoding = 4; lastKnownFileType = text; path = .gitkeep; sourceTree = "<group>"; };
		BE7F8A9E22F95EFC00672C4F /* UITableViewCell+Ext.swift */ = {isa = PBXFileReference; lastKnownFileType = sourcecode.swift; path = "UITableViewCell+Ext.swift"; sourceTree = "<group>"; };
		BE7F8AA022F95F4800672C4F /* UICollectionViewCell+Ext.swift */ = {isa = PBXFileReference; lastKnownFileType = sourcecode.swift; path = "UICollectionViewCell+Ext.swift"; sourceTree = "<group>"; };
		BE7F8AA222F9607C00672C4F /* ZSOnePixleLine.swift */ = {isa = PBXFileReference; lastKnownFileType = sourcecode.swift; path = ZSOnePixleLine.swift; sourceTree = "<group>"; };
		CFFED83198A78FF383416D9F /* Pods-SZTools_Example.debug.xcconfig */ = {isa = PBXFileReference; includeInIndex = 1; lastKnownFileType = text.xcconfig; name = "Pods-SZTools_Example.debug.xcconfig"; path = "Pods/Target Support Files/Pods-SZTools_Example/Pods-SZTools_Example.debug.xcconfig"; sourceTree = "<group>"; };
		E17C5016A70117C214126268 /* Pods_SZTools_Tests.framework */ = {isa = PBXFileReference; explicitFileType = wrapper.framework; includeInIndex = 0; path = Pods_SZTools_Tests.framework; sourceTree = BUILT_PRODUCTS_DIR; };
/* End PBXFileReference section */

/* Begin PBXFrameworksBuildPhase section */
		607FACCD1AFB9204008FA782 /* Frameworks */ = {
			isa = PBXFrameworksBuildPhase;
			buildActionMask = 2147483647;
			files = (
				5DC573E4D28B8539BA5E38F8 /* Pods_SZTools_Example.framework in Frameworks */,
			);
			runOnlyForDeploymentPostprocessing = 0;
		};
/* End PBXFrameworksBuildPhase section */

/* Begin PBXGroup section */
		607FACC71AFB9204008FA782 = {
			isa = PBXGroup;
			children = (
				607FACF51AFB993E008FA782 /* Podspec Metadata */,
				607FACD21AFB9204008FA782 /* Example for SZTools */,
				607FACD11AFB9204008FA782 /* Products */,
				6A279259445E684B73947E18 /* Pods */,
				9EC72945264050BCA089C3FA /* Frameworks */,
			);
			sourceTree = "<group>";
		};
		607FACD11AFB9204008FA782 /* Products */ = {
			isa = PBXGroup;
			children = (
				607FACD01AFB9204008FA782 /* SZTools_Example.app */,
			);
			name = Products;
			sourceTree = "<group>";
		};
		607FACD21AFB9204008FA782 /* Example for SZTools */ = {
			isa = PBXGroup;
			children = (
				607FACD51AFB9204008FA782 /* AppDelegate.swift */,
				607FACD71AFB9204008FA782 /* ViewController.swift */,
				607FACD91AFB9204008FA782 /* Main.storyboard */,
				607FACDC1AFB9204008FA782 /* Images.xcassets */,
				607FACDE1AFB9204008FA782 /* LaunchScreen.xib */,
				BE79FDF622ED338C0065E5C4 /* SZTools */,
				607FACD31AFB9204008FA782 /* Supporting Files */,
			);
			name = "Example for SZTools";
			path = SZTools;
			sourceTree = "<group>";
		};
		607FACD31AFB9204008FA782 /* Supporting Files */ = {
			isa = PBXGroup;
			children = (
				607FACD41AFB9204008FA782 /* Info.plist */,
				BE79FDF422ED32B50065E5C4 /* itunes.pdf */,
			);
			name = "Supporting Files";
			sourceTree = "<group>";
		};
		607FACF51AFB993E008FA782 /* Podspec Metadata */ = {
			isa = PBXGroup;
			children = (
				B53E0434EE4D1D075928CBDA /* SZTools.podspec */,
				48D0147F8D6F9CE71A697014 /* README.md */,
				039D35FB88A09F566C158E83 /* LICENSE */,
			);
			name = "Podspec Metadata";
			sourceTree = "<group>";
		};
		6A279259445E684B73947E18 /* Pods */ = {
			isa = PBXGroup;
			children = (
				CFFED83198A78FF383416D9F /* Pods-SZTools_Example.debug.xcconfig */,
				0C3D734A02CF6E56FEF2FE31 /* Pods-SZTools_Example.release.xcconfig */,
				9B9900A90B7C6D2982CDB8D5 /* Pods-SZTools_Tests.debug.xcconfig */,
				0D62C99FB505CF811D30A566 /* Pods-SZTools_Tests.release.xcconfig */,
			);
			name = Pods;
			sourceTree = "<group>";
		};
		9EC72945264050BCA089C3FA /* Frameworks */ = {
			isa = PBXGroup;
			children = (
				1E5D3E4F8E6032B35334595A /* Pods_SZTools_Example.framework */,
				E17C5016A70117C214126268 /* Pods_SZTools_Tests.framework */,
			);
			name = Frameworks;
			sourceTree = "<group>";
		};
		BE79FDF622ED338C0065E5C4 /* SZTools */ = {
			isa = PBXGroup;
			children = (
				BE79FDF722ED338C0065E5C4 /* Classes */,
				BE79FE1422ED338C0065E5C4 /* Assets */,
			);
			name = SZTools;
			path = ../../SZTools;
			sourceTree = "<group>";
		};
		BE79FDF722ED338C0065E5C4 /* Classes */ = {
			isa = PBXGroup;
			children = (
				BE79FDF822ED338C0065E5C4 /* CustomUI */,
				BE79FDFB22ED338C0065E5C4 /* Extensions */,
				BE79FE0D22ED338C0065E5C4 /* Manager */,
				BE79FE0F22ED338C0065E5C4 /* FileManager */,
			);
			path = Classes;
			sourceTree = "<group>";
		};
		BE79FDF822ED338C0065E5C4 /* CustomUI */ = {
			isa = PBXGroup;
			children = (
				BE79FDF922ED338C0065E5C4 /* ZStepSlider.swift */,
				BE7F8AA222F9607C00672C4F /* ZSOnePixleLine.swift */,
			);
			path = CustomUI;
			sourceTree = "<group>";
		};
		BE79FDFB22ED338C0065E5C4 /* Extensions */ = {
			isa = PBXGroup;
			children = (
				BE79FE0C22ED338C0065E5C4 /* CGRect+Ext.swift */,
				BE79FE0722ED338C0065E5C4 /* Date+Formatted.swift */,
				BE79FE0222ED338C0065E5C4 /* Device+Ext.swift */,
				BE79FDFC22ED338C0065E5C4 /* DispathcQueue+Delay.swift */,
				BE79FDFF22ED338C0065E5C4 /* Font+Ext.swift */,
				BE79FE0A22ED338C0065E5C4 /* NotificationCenter+Ext.swift */,
				BE79FE0B22ED338C0065E5C4 /* NSObject+Ext.swift */,
				BE79FE0422ED338C0065E5C4 /* String+Ext.swift */,
				BE79FE0322ED338C0065E5C4 /* UIButton+Ext.swift */,
				BE79FDFE22ED338C0065E5C4 /* UICollectionView+Ext.swift */,
				BE7F8AA022F95F4800672C4F /* UICollectionViewCell+Ext.swift */,
				BE79FE0522ED338C0065E5C4 /* UIColor+Ext.swift */,
				BE79FDFD22ED338C0065E5C4 /* UILabel+Ext.swift */,
				BE79FE0022ED338C0065E5C4 /* UITableView+Ext.swift */,
				BE7F8A9E22F95EFC00672C4F /* UITableViewCell+Ext.swift */,
				BE79FE0122ED338C0065E5C4 /* UIView+Frame.swift */,
				BE79FE0622ED338C0065E5C4 /* UIView+Layout.swift */,
				BE79FE0922ED338C0065E5C4 /* UIView+Nib.swift */,
				BE79FE0822ED338C0065E5C4 /* UIViewController+SZExt.swift */,
			);
			path = Extensions;
			sourceTree = "<group>";
		};
		BE79FE0D22ED338C0065E5C4 /* Manager */ = {
			isa = PBXGroup;
			children = (
				BE79FE0E22ED338C0065E5C4 /* ZSConstants.swift */,
			);
			path = Manager;
			sourceTree = "<group>";
		};
		BE79FE0F22ED338C0065E5C4 /* FileManager */ = {
			isa = PBXGroup;
			children = (
				BE79FE1022ED338C0065E5C4 /* ZSFileSearcher.swift */,
				BE79FE1122ED338C0065E5C4 /* ZSFile.swift */,
				BE79FE1222ED338C0065E5C4 /* ZSFilePaths.swift */,
				BE79FE1322ED338C0065E5C4 /* ZSFileManager.swift */,
			);
			path = FileManager;
			sourceTree = "<group>";
		};
		BE79FE1422ED338C0065E5C4 /* Assets */ = {
			isa = PBXGroup;
			children = (
				BE79FE1522ED338C0065E5C4 /* .gitkeep */,
			);
			path = Assets;
			sourceTree = "<group>";
		};
/* End PBXGroup section */

/* Begin PBXNativeTarget section */
		607FACCF1AFB9204008FA782 /* SZTools_Example */ = {
			isa = PBXNativeTarget;
			buildConfigurationList = 607FACEF1AFB9204008FA782 /* Build configuration list for PBXNativeTarget "SZTools_Example" */;
			buildPhases = (
				63B84714C62C77124230177C /* [CP] Check Pods Manifest.lock */,
				607FACCC1AFB9204008FA782 /* Sources */,
				607FACCD1AFB9204008FA782 /* Frameworks */,
				607FACCE1AFB9204008FA782 /* Resources */,
			);
			buildRules = (
			);
			dependencies = (
			);
			name = SZTools_Example;
			productName = SZTools;
			productReference = 607FACD01AFB9204008FA782 /* SZTools_Example.app */;
			productType = "com.apple.product-type.application";
		};
/* End PBXNativeTarget section */

/* Begin PBXProject section */
		607FACC81AFB9204008FA782 /* Project object */ = {
			isa = PBXProject;
			attributes = {
				LastSwiftUpdateCheck = 0830;
				LastUpgradeCheck = 0830;
				ORGANIZATIONNAME = CocoaPods;
				TargetAttributes = {
					607FACCF1AFB9204008FA782 = {
						CreatedOnToolsVersion = 6.3.1;
						DevelopmentTeam = 6AUX699Z3L;
						LastSwiftMigration = 0900;
					};
				};
			};
			buildConfigurationList = 607FACCB1AFB9204008FA782 /* Build configuration list for PBXProject "SZTools" */;
			compatibilityVersion = "Xcode 3.2";
			developmentRegion = English;
			hasScannedForEncodings = 0;
			knownRegions = (
				English,
				en,
				Base,
			);
			mainGroup = 607FACC71AFB9204008FA782;
			productRefGroup = 607FACD11AFB9204008FA782 /* Products */;
			projectDirPath = "";
			projectRoot = "";
			targets = (
				607FACCF1AFB9204008FA782 /* SZTools_Example */,
			);
		};
/* End PBXProject section */

/* Begin PBXResourcesBuildPhase section */
		607FACCE1AFB9204008FA782 /* Resources */ = {
			isa = PBXResourcesBuildPhase;
			buildActionMask = 2147483647;
			files = (
				607FACDB1AFB9204008FA782 /* Main.storyboard in Resources */,
				607FACE01AFB9204008FA782 /* LaunchScreen.xib in Resources */,
				BE79FE2E22ED338C0065E5C4 /* .gitkeep in Resources */,
				BE79FDF522ED32B50065E5C4 /* itunes.pdf in Resources */,
				607FACDD1AFB9204008FA782 /* Images.xcassets in Resources */,
			);
			runOnlyForDeploymentPostprocessing = 0;
		};
/* End PBXResourcesBuildPhase section */

/* Begin PBXShellScriptBuildPhase section */
		63B84714C62C77124230177C /* [CP] Check Pods Manifest.lock */ = {
			isa = PBXShellScriptBuildPhase;
			buildActionMask = 2147483647;
			files = (
			);
			inputFileListPaths = (
			);
			inputPaths = (
				"${PODS_PODFILE_DIR_PATH}/Podfile.lock",
				"${PODS_ROOT}/Manifest.lock",
			);
			name = "[CP] Check Pods Manifest.lock";
			outputFileListPaths = (
			);
			outputPaths = (
				"$(DERIVED_FILE_DIR)/Pods-SZTools_Example-checkManifestLockResult.txt",
			);
			runOnlyForDeploymentPostprocessing = 0;
			shellPath = /bin/sh;
			shellScript = "diff \"${PODS_PODFILE_DIR_PATH}/Podfile.lock\" \"${PODS_ROOT}/Manifest.lock\" > /dev/null\nif [ $? != 0 ] ; then\n    # print error to STDERR\n    echo \"error: The sandbox is not in sync with the Podfile.lock. Run 'pod install' or update your CocoaPods installation.\" >&2\n    exit 1\nfi\n# This output is used by Xcode 'outputs' to avoid re-running this script phase.\necho \"SUCCESS\" > \"${SCRIPT_OUTPUT_FILE_0}\"\n";
			showEnvVarsInLog = 0;
		};
/* End PBXShellScriptBuildPhase section */

/* Begin PBXSourcesBuildPhase section */
		607FACCC1AFB9204008FA782 /* Sources */ = {
			isa = PBXSourcesBuildPhase;
			buildActionMask = 2147483647;
			files = (
				BE7F8AA322F9607C00672C4F /* ZSOnePixleLine.swift in Sources */,
				607FACD81AFB9204008FA782 /* ViewController.swift in Sources */,
				BE79FE1B22ED338C0065E5C4 /* Font+Ext.swift in Sources */,
				BE79FE1622ED338C0065E5C4 /* ZStepSlider.swift in Sources */,
				607FACD61AFB9204008FA782 /* AppDelegate.swift in Sources */,
				BE79FE1822ED338C0065E5C4 /* DispathcQueue+Delay.swift in Sources */,
				BE79FE1E22ED338C0065E5C4 /* Device+Ext.swift in Sources */,
				BE79FE2122ED338C0065E5C4 /* UIColor+Ext.swift in Sources */,
				BE79FE2A22ED338C0065E5C4 /* ZSFileSearcher.swift in Sources */,
				BE79FE2022ED338C0065E5C4 /* String+Ext.swift in Sources */,
				BE79FE2522ED338C0065E5C4 /* UIView+Nib.swift in Sources */,
				BE79FE1D22ED338C0065E5C4 /* UIView+Frame.swift in Sources */,
				BE79FE1C22ED338C0065E5C4 /* UITableView+Ext.swift in Sources */,
				BE79FE1A22ED338C0065E5C4 /* UICollectionView+Ext.swift in Sources */,
				BE79FE1F22ED338C0065E5C4 /* UIButton+Ext.swift in Sources */,
				BE79FE2222ED338C0065E5C4 /* UIView+Layout.swift in Sources */,
				BE79FE2B22ED338C0065E5C4 /* ZSFile.swift in Sources */,
				BE79FE2422ED338C0065E5C4 /* UIViewController+SZExt.swift in Sources */,
				BE7F8A9F22F95EFC00672C4F /* UITableViewCell+Ext.swift in Sources */,
				BE79FE2C22ED338C0065E5C4 /* ZSFilePaths.swift in Sources */,
				BE79FE2622ED338C0065E5C4 /* NotificationCenter+Ext.swift in Sources */,
				BE79FE2922ED338C0065E5C4 /* ZSConstants.swift in Sources */,
				BE79FE1922ED338C0065E5C4 /* UILabel+Ext.swift in Sources */,
				BE79FE2322ED338C0065E5C4 /* Date+Formatted.swift in Sources */,
				BE79FE2D22ED338C0065E5C4 /* ZSFileManager.swift in Sources */,
				BE79FE2722ED338C0065E5C4 /* NSObject+Ext.swift in Sources */,
				BE79FE2822ED338C0065E5C4 /* CGRect+Ext.swift in Sources */,
				BE7F8AA122F95F4800672C4F /* UICollectionViewCell+Ext.swift in Sources */,
			);
			runOnlyForDeploymentPostprocessing = 0;
		};
/* End PBXSourcesBuildPhase section */

/* Begin PBXVariantGroup section */
		607FACD91AFB9204008FA782 /* Main.storyboard */ = {
			isa = PBXVariantGroup;
			children = (
				607FACDA1AFB9204008FA782 /* Base */,
			);
			name = Main.storyboard;
			sourceTree = "<group>";
		};
		607FACDE1AFB9204008FA782 /* LaunchScreen.xib */ = {
			isa = PBXVariantGroup;
			children = (
				607FACDF1AFB9204008FA782 /* Base */,
			);
			name = LaunchScreen.xib;
			sourceTree = "<group>";
		};
/* End PBXVariantGroup section */

/* Begin XCBuildConfiguration section */
		607FACED1AFB9204008FA782 /* Debug */ = {
			isa = XCBuildConfiguration;
			buildSettings = {
				ALWAYS_SEARCH_USER_PATHS = NO;
				CLANG_CXX_LANGUAGE_STANDARD = "gnu++0x";
				CLANG_CXX_LIBRARY = "libc++";
				CLANG_ENABLE_MODULES = YES;
				CLANG_ENABLE_OBJC_ARC = YES;
				CLANG_WARN_BLOCK_CAPTURE_AUTORELEASING = YES;
				CLANG_WARN_BOOL_CONVERSION = YES;
				CLANG_WARN_COMMA = YES;
				CLANG_WARN_CONSTANT_CONVERSION = YES;
				CLANG_WARN_DIRECT_OBJC_ISA_USAGE = YES_ERROR;
				CLANG_WARN_EMPTY_BODY = YES;
				CLANG_WARN_ENUM_CONVERSION = YES;
				CLANG_WARN_INFINITE_RECURSION = YES;
				CLANG_WARN_INT_CONVERSION = YES;
				CLANG_WARN_NON_LITERAL_NULL_CONVERSION = YES;
				CLANG_WARN_OBJC_LITERAL_CONVERSION = YES;
				CLANG_WARN_OBJC_ROOT_CLASS = YES_ERROR;
				CLANG_WARN_RANGE_LOOP_ANALYSIS = YES;
				CLANG_WARN_STRICT_PROTOTYPES = YES;
				CLANG_WARN_SUSPICIOUS_MOVE = YES;
				CLANG_WARN_UNREACHABLE_CODE = YES;
				CLANG_WARN__DUPLICATE_METHOD_MATCH = YES;
				"CODE_SIGN_IDENTITY[sdk=iphoneos*]" = "iPhone Developer";
				COPY_PHASE_STRIP = NO;
				DEBUG_INFORMATION_FORMAT = "dwarf-with-dsym";
				ENABLE_STRICT_OBJC_MSGSEND = YES;
				ENABLE_TESTABILITY = YES;
				GCC_C_LANGUAGE_STANDARD = gnu99;
				GCC_DYNAMIC_NO_PIC = NO;
				GCC_NO_COMMON_BLOCKS = YES;
				GCC_OPTIMIZATION_LEVEL = 0;
				GCC_PREPROCESSOR_DEFINITIONS = (
					"DEBUG=1",
					"$(inherited)",
				);
				GCC_SYMBOLS_PRIVATE_EXTERN = NO;
				GCC_WARN_64_TO_32_BIT_CONVERSION = YES;
				GCC_WARN_ABOUT_RETURN_TYPE = YES_ERROR;
				GCC_WARN_UNDECLARED_SELECTOR = YES;
				GCC_WARN_UNINITIALIZED_AUTOS = YES_AGGRESSIVE;
				GCC_WARN_UNUSED_FUNCTION = YES;
				GCC_WARN_UNUSED_VARIABLE = YES;
				IPHONEOS_DEPLOYMENT_TARGET = 9.3;
				MTL_ENABLE_DEBUG_INFO = YES;
				ONLY_ACTIVE_ARCH = YES;
				SDKROOT = iphoneos;
				SWIFT_OPTIMIZATION_LEVEL = "-Onone";
			};
			name = Debug;
		};
		607FACEE1AFB9204008FA782 /* Release */ = {
			isa = XCBuildConfiguration;
			buildSettings = {
				ALWAYS_SEARCH_USER_PATHS = NO;
				CLANG_CXX_LANGUAGE_STANDARD = "gnu++0x";
				CLANG_CXX_LIBRARY = "libc++";
				CLANG_ENABLE_MODULES = YES;
				CLANG_ENABLE_OBJC_ARC = YES;
				CLANG_WARN_BLOCK_CAPTURE_AUTORELEASING = YES;
				CLANG_WARN_BOOL_CONVERSION = YES;
				CLANG_WARN_COMMA = YES;
				CLANG_WARN_CONSTANT_CONVERSION = YES;
				CLANG_WARN_DIRECT_OBJC_ISA_USAGE = YES_ERROR;
				CLANG_WARN_EMPTY_BODY = YES;
				CLANG_WARN_ENUM_CONVERSION = YES;
				CLANG_WARN_INFINITE_RECURSION = YES;
				CLANG_WARN_INT_CONVERSION = YES;
				CLANG_WARN_NON_LITERAL_NULL_CONVERSION = YES;
				CLANG_WARN_OBJC_LITERAL_CONVERSION = YES;
				CLANG_WARN_OBJC_ROOT_CLASS = YES_ERROR;
				CLANG_WARN_RANGE_LOOP_ANALYSIS = YES;
				CLANG_WARN_STRICT_PROTOTYPES = YES;
				CLANG_WARN_SUSPICIOUS_MOVE = YES;
				CLANG_WARN_UNREACHABLE_CODE = YES;
				CLANG_WARN__DUPLICATE_METHOD_MATCH = YES;
				"CODE_SIGN_IDENTITY[sdk=iphoneos*]" = "iPhone Developer";
				COPY_PHASE_STRIP = NO;
				DEBUG_INFORMATION_FORMAT = "dwarf-with-dsym";
				ENABLE_NS_ASSERTIONS = NO;
				ENABLE_STRICT_OBJC_MSGSEND = YES;
				GCC_C_LANGUAGE_STANDARD = gnu99;
				GCC_NO_COMMON_BLOCKS = YES;
				GCC_WARN_64_TO_32_BIT_CONVERSION = YES;
				GCC_WARN_ABOUT_RETURN_TYPE = YES_ERROR;
				GCC_WARN_UNDECLARED_SELECTOR = YES;
				GCC_WARN_UNINITIALIZED_AUTOS = YES_AGGRESSIVE;
				GCC_WARN_UNUSED_FUNCTION = YES;
				GCC_WARN_UNUSED_VARIABLE = YES;
				IPHONEOS_DEPLOYMENT_TARGET = 9.3;
				MTL_ENABLE_DEBUG_INFO = NO;
				SDKROOT = iphoneos;
				SWIFT_OPTIMIZATION_LEVEL = "-Owholemodule";
				VALIDATE_PRODUCT = YES;
			};
			name = Release;
		};
		607FACF01AFB9204008FA782 /* Debug */ = {
			isa = XCBuildConfiguration;
			baseConfigurationReference = CFFED83198A78FF383416D9F /* Pods-SZTools_Example.debug.xcconfig */;
			buildSettings = {
				ASSETCATALOG_COMPILER_APPICON_NAME = AppIcon;
				DEVELOPMENT_TEAM = 6AUX699Z3L;
				INFOPLIST_FILE = SZTools/Info.plist;
				IPHONEOS_DEPLOYMENT_TARGET = 11.0;
				LD_RUNPATH_SEARCH_PATHS = "$(inherited) @executable_path/Frameworks";
				MODULE_NAME = ExampleApp;
				OTHER_LDFLAGS = (
					"$(inherited)",
					"-ObjC",
				);
				PRODUCT_BUNDLE_IDENTIFIER = "org.cocoapods.demo.$(PRODUCT_NAME:rfc1034identifier)";
				PRODUCT_NAME = "$(TARGET_NAME)";
				SWIFT_SWIFT3_OBJC_INFERENCE = Default;
				SWIFT_VERSION = 5.0;
			};
			name = Debug;
		};
		607FACF11AFB9204008FA782 /* Release */ = {
			isa = XCBuildConfiguration;
			baseConfigurationReference = 0C3D734A02CF6E56FEF2FE31 /* Pods-SZTools_Example.release.xcconfig */;
			buildSettings = {
				ASSETCATALOG_COMPILER_APPICON_NAME = AppIcon;
				DEVELOPMENT_TEAM = 6AUX699Z3L;
				INFOPLIST_FILE = SZTools/Info.plist;
				IPHONEOS_DEPLOYMENT_TARGET = 11.0;
				LD_RUNPATH_SEARCH_PATHS = "$(inherited) @executable_path/Frameworks";
				MODULE_NAME = ExampleApp;
				OTHER_LDFLAGS = (
					"$(inherited)",
					"-ObjC",
				);
				PRODUCT_BUNDLE_IDENTIFIER = "org.cocoapods.demo.$(PRODUCT_NAME:rfc1034identifier)";
				PRODUCT_NAME = "$(TARGET_NAME)";
				SWIFT_SWIFT3_OBJC_INFERENCE = Default;
				SWIFT_VERSION = 5.0;
			};
			name = Release;
		};
/* End XCBuildConfiguration section */

/* Begin XCConfigurationList section */
		607FACCB1AFB9204008FA782 /* Build configuration list for PBXProject "SZTools" */ = {
			isa = XCConfigurationList;
			buildConfigurations = (
				607FACED1AFB9204008FA782 /* Debug */,
				607FACEE1AFB9204008FA782 /* Release */,
			);
			defaultConfigurationIsVisible = 0;
			defaultConfigurationName = Release;
		};
		607FACEF1AFB9204008FA782 /* Build configuration list for PBXNativeTarget "SZTools_Example" */ = {
			isa = XCConfigurationList;
			buildConfigurations = (
				607FACF01AFB9204008FA782 /* Debug */,
				607FACF11AFB9204008FA782 /* Release */,
			);
			defaultConfigurationIsVisible = 0;
			defaultConfigurationName = Release;
		};
/* End XCConfigurationList section */
	};
	rootObject = 607FACC81AFB9204008FA782 /* Project object */;
}
